
Microsoft Visual Studio Solution File, Format Version 12.00
# Visual Studio Version 17
VisualStudioVersion = 17.0.31903.59
MinimumVisualStudioVersion = 10.0.40219.1
Project("{FAE04EC0-301F-11D3-BF4B-00C04F79EFBC}") = "Messaging.Api", "Messaging.Api\Messaging.Api.csproj", "{A15733DD-D35C-49DA-AF46-E9ACEB6BBBC6}"
EndProject
Project("{FAE04EC0-301F-11D3-BF4B-00C04F79EFBC}") = "Messaging.Api.Tests", "Messaging.Api.Tests\Messaging.Api.Tests.csproj", "{50CF29B9-4403-4D5E-98E1-6AB9A5D8FA95}"
EndProject
Global
	GlobalSection(SolutionConfigurationPlatforms) = preSolution
		Debug|Any CPU = Debug|Any CPU
		Debug|x64 = Debug|x64
		Debug|x86 = Debug|x86
		Release|Any CPU = Release|Any CPU
		Release|x64 = Release|x64
		Release|x86 = Release|x86
	EndGlobalSection
	GlobalSection(ProjectConfigurationPlatforms) = postSolution
		{A15733DD-D35C-49DA-AF46-E9ACEB6BBBC6}.Debug|Any CPU.ActiveCfg = Debug|Any CPU
		{A15733DD-D35C-49DA-AF46-E9ACEB6BBBC6}.Debug|Any CPU.Build.0 = Debug|Any CPU
		{A15733DD-D35C-49DA-AF46-E9ACEB6BBBC6}.Debug|x64.ActiveCfg = Debug|Any CPU
		{A15733DD-D35C-49DA-AF46-E9ACEB6BBBC6}.Debug|x64.Build.0 = Debug|Any CPU
		{A15733DD-D35C-49DA-AF46-E9ACEB6BBBC6}.Debug|x86.ActiveCfg = Debug|Any CPU
		{A15733DD-D35C-49DA-AF46-E9ACEB6BBBC6}.Debug|x86.Build.0 = Debug|Any CPU
		{A15733DD-D35C-49DA-AF46-E9ACEB6BBBC6}.Release|Any CPU.ActiveCfg = Release|Any CPU
		{A15733DD-D35C-49DA-AF46-E9ACEB6BBBC6}.Release|Any CPU.Build.0 = Release|Any CPU
		{A15733DD-D35C-49DA-AF46-E9ACEB6BBBC6}.Release|x64.ActiveCfg = Release|Any CPU
		{A15733DD-D35C-49DA-AF46-E9ACEB6BBBC6}.Release|x64.Build.0 = Release|Any CPU
		{A15733DD-D35C-49DA-AF46-E9ACEB6BBBC6}.Release|x86.ActiveCfg = Release|Any CPU
		{A15733DD-D35C-49DA-AF46-E9ACEB6BBBC6}.Release|x86.Build.0 = Release|Any CPU
		{50CF29B9-4403-4D5E-98E1-6AB9A5D8FA95}.Debug|Any CPU.ActiveCfg = Debug|Any CPU
		{50CF29B9-4403-4D5E-98E1-6AB9A5D8FA95}.Debug|Any CPU.Build.0 = Debug|Any CPU
		{50CF29B9-4403-4D5E-98E1-6AB9A5D8FA95}.Debug|x64.ActiveCfg = Debug|Any CPU
		{50CF29B9-4403-4D5E-98E1-6AB9A5D8FA95}.Debug|x64.Build.0 = Debug|Any CPU
		{50CF29B9-4403-4D5E-98E1-6AB9A5D8FA95}.Debug|x86.ActiveCfg = Debug|Any CPU
		{50CF29B9-4403-4D5E-98E1-6AB9A5D8FA95}.Debug|x86.Build.0 = Debug|Any CPU
		{50CF29B9-4403-4D5E-98E1-6AB9A5D8FA95}.Release|Any CPU.ActiveCfg = Release|Any CPU
		{50CF29B9-4403-4D5E-98E1-6AB9A5D8FA95}.Release|Any CPU.Build.0 = Release|Any CPU
		{50CF29B9-4403-4D5E-98E1-6AB9A5D8FA95}.Release|x64.ActiveCfg = Release|Any CPU
		{50CF29B9-4403-4D5E-98E1-6AB9A5D8FA95}.Release|x64.Build.0 = Release|Any CPU
		{50CF29B9-4403-4D5E-98E1-6AB9A5D8FA95}.Release|x86.ActiveCfg = Release|Any CPU
		{50CF29B9-4403-4D5E-98E1-6AB9A5D8FA95}.Release|x86.Build.0 = Release|Any CPU
	EndGlobalSection
	GlobalSection(SolutionProperties) = preSolution
		HideSolutionNode = FALSE
	EndGlobalSection
EndGlobal
